<?xml version="1.0" encoding="utf-8"?>
<Project ToolsVersion="4.0" xmlns="http://schemas.microsoft.com/developer/msbuild/2003">
  <ItemGroup>
    <Filter Include="Source Files">
      <UniqueIdentifier>{4FC737F1-C7A5-4376-A066-2A32D752A2FF}</UniqueIdentifier>
      <Extensions>cpp;c;cc;cxx;def;odl;idl;hpj;bat;asm;asmx</Extensions>
    </Filter>
    <Filter Include="Header Files">
      <UniqueIdentifier>{93995380-89BD-4b04-88EB-625FBE52EBFB}</UniqueIdentifier>
      <Extensions>h;hh;hpp;hxx;hm;inl;inc;ipp;xsd</Extensions>
    </Filter>
    <Filter Include="ThirdParty">
      <UniqueIdentifier>{947e5c71-10cc-4d90-b687-4749a8d92860}</UniqueIdentifier>
    </Filter>
    <Filter Include="ThirdParty\easylogging++">
      <UniqueIdentifier>{8055b678-1fd7-4fa3-8d4a-a86892bbe60b}</UniqueIdentifier>
    </Filter>
    <Filter Include="ThirdParty\glad">
      <UniqueIdentifier>{85c3f23a-429e-451e-9d19-69ce3e8501d8}</UniqueIdentifier>
    </Filter>
    <Filter Include="ThirdParty\glad\debug">
      <UniqueIdentifier>{e258d398-f08c-45b8-ade6-376baae69f5a}</UniqueIdentifier>
    </Filter>
    <Filter Include="ThirdParty\glad\KHR">
      <UniqueIdentifier>{7b39a6e0-4244-4d38-9cea-61f3700bcf4d}</UniqueIdentifier>
    </Filter>
    <Filter Include="ThirdParty\glad\release">
      <UniqueIdentifier>{3300dc7d-7272-4732-8faa-198b4d5438f8}</UniqueIdentifier>
    </Filter>
    <Filter Include="Notes">
      <UniqueIdentifier>{d5621fad-0f4f-473c-9b10-2c523b17f9e1}</UniqueIdentifier>
    </Filter>
    <Filter Include="Header Files\Common">
      <UniqueIdentifier>{800e60c4-aca0-494c-9941-b5062a7522e1}</UniqueIdentifier>
    </Filter>
    <Filter Include="Header Files\ConfigurationAndSetup">
      <UniqueIdentifier>{b2fb5c0e-017c-4ff2-9cab-46fb7c665d3d}</UniqueIdentifier>
    </Filter>
    <Filter Include="Header Files\IntermediateHeaders_DoNotIncludeTheseDirectly">
      <UniqueIdentifier>{4bc84b2a-0021-49b1-a509-18a6097aded8}</UniqueIdentifier>
    </Filter>
    <Filter Include="Header Files\IntermediateHeaders_DoNotIncludeTheseDirectly\LibraryIncludeWrappers_DoNotIncludeTheseDirectly">
      <UniqueIdentifier>{eb442a31-e3f1-431d-9ebe-39d62cc78229}</UniqueIdentifier>
    </Filter>
    <Filter Include="Source Files\Utility">
      <UniqueIdentifier>{14cbad73-a6a3-42dc-943b-1c6f691322cf}</UniqueIdentifier>
    </Filter>
    <Filter Include="Source Files\Utility\Filepath">
      <UniqueIdentifier>{a5aab355-8a84-4eff-a482-bbe5b23db19e}</UniqueIdentifier>
    </Filter>
    <Filter Include="Source Files\Utility\Debug">
      <UniqueIdentifier>{a42c617f-be2c-4be8-a81a-1af3ba9236f7}</UniqueIdentifier>
    </Filter>
    <Filter Include="Resource Files">
      <UniqueIdentifier>{67DA6AB6-F800-4c08-8B7A-83BB121AAD01}</UniqueIdentifier>
      <Extensions>rc;ico;cur;bmp;dlg;rc2;rct;bin;rgs;gif;jpg;jpeg;jpe;resx;tiff;tif;png;wav;mfcribbon-ms</Extensions>
    </Filter>
    <Filter Include="ThirdParty\glm">
      <UniqueIdentifier>{f7d3300a-9395-4a9e-bc66-b7845cfc98b0}</UniqueIdentifier>
    </Filter>
    <Filter Include="ThirdParty\glm\glm">
      <UniqueIdentifier>{9b6055f0-e65a-4eec-8204-4e4a47f93b73}</UniqueIdentifier>
    </Filter>
    <Filter Include="ThirdParty\glm\glm\detail">
      <UniqueIdentifier>{844c0476-86db-416a-929c-54b549dea2f2}</UniqueIdentifier>
    </Filter>
    <Filter Include="ThirdParty\glm\glm\ext">
      <UniqueIdentifier>{742396e1-6cbc-4974-8b3a-faabd14d5033}</UniqueIdentifier>
    </Filter>
    <Filter Include="ThirdParty\glm\glm\gtc">
      <UniqueIdentifier>{b721f16e-3327-448f-b739-0abf94fc16c9}</UniqueIdentifier>
    </Filter>
    <Filter Include="ThirdParty\glm\glm\gtx">
      <UniqueIdentifier>{e0b6938d-84cf-4e5c-8f5f-098d64556db4}</UniqueIdentifier>
    </Filter>
    <Filter Include="ThirdParty\glm\glm\simd">
      <UniqueIdentifier>{c5f7804b-1f3d-4dfd-9278-ff359af23aa7}</UniqueIdentifier>
    </Filter>
    <Filter Include="Resource Files\Shaders">
      <UniqueIdentifier>{710d3603-afd1-4bc8-81dd-6b514564d55e}</UniqueIdentifier>
    </Filter>
    <Filter Include="Source Files\RenderEnvironment">
      <UniqueIdentifier>{436d2ceb-5d3b-4019-bc05-d2270412d908}</UniqueIdentifier>
    </Filter>
    <Filter Include="Source Files\RenderEnvironment\CallbackFunctions">
      <UniqueIdentifier>{f1c5edef-8ff1-4497-9b8c-f9af9e1981bd}</UniqueIdentifier>
    </Filter>
    <Filter Include="Source Files\RenderEnvironment\CallbackFunctions\ErrorCallback">
      <UniqueIdentifier>{6674a74a-3864-4dc4-81ea-da281ea9c265}</UniqueIdentifier>
    </Filter>
    <Filter Include="Source Files\RenderEnvironment\CallbackFunctions\MonitorEventCallback">
      <UniqueIdentifier>{8a9adf10-95b3-4d25-91b2-35d61f61d280}</UniqueIdentifier>
    </Filter>
    <Filter Include="Source Files\RenderEnvironment\Components">
      <UniqueIdentifier>{487ed7c0-2c3e-4e35-a8d9-71eb85ba2187}</UniqueIdentifier>
    </Filter>
    <Filter Include="Source Files\RenderEnvironment\Monitor">
      <UniqueIdentifier>{4ba72358-633d-44b9-85c3-16e27689ed04}</UniqueIdentifier>
    </Filter>
    <Filter Include="Source Files\RenderEnvironment\Engine">
      <UniqueIdentifier>{c3961245-a422-4a22-b27a-ea2f150e3f56}</UniqueIdentifier>
    </Filter>
    <Filter Include="Source Files\RenderEnvironment\Monitor\VideoMode">
      <UniqueIdentifier>{42e6a875-bfa5-45c3-8da4-e43ff833ff90}</UniqueIdentifier>
    </Filter>
    <Filter Include="Source Files\Logging_Initialization">
      <UniqueIdentifier>{339b20fa-2f8b-4ebb-8d3c-8f365a313220}</UniqueIdentifier>
    </Filter>
    <Filter Include="Source Files\Logging_Initialization\Logging Init">
      <UniqueIdentifier>{0944decd-e772-40fd-8b18-6374f65d9ac7}</UniqueIdentifier>
    </Filter>
    <Filter Include="Source Files\RenderEnvironment\CallbackFunctions\WindowSpecificCallbacks">
      <UniqueIdentifier>{156f1e2a-1ab3-4dbd-a5c0-16a03de5e935}</UniqueIdentifier>
    </Filter>
    <Filter Include="Source Files\RenderEnvironment\CallbackFunctions\JoystickCallback">
      <UniqueIdentifier>{c1af8cdc-787a-4f2b-a176-090730f4446d}</UniqueIdentifier>
    </Filter>
    <Filter Include="Source Files\RenderEnvironment\Initialization">
      <UniqueIdentifier>{b39e1804-bc11-4a0a-bc05-5990b2ae38bd}</UniqueIdentifier>
    </Filter>
    <Filter Include="Source Files\Utility\Asset">
      <UniqueIdentifier>{dba52829-f9dd-41a5-aff0-64408370a251}</UniqueIdentifier>
    </Filter>
    <Filter Include="Source Files\RenderEnvironment\Initialization\Data Struct">
      <UniqueIdentifier>{70ecc34e-5b3f-4ce0-babd-def18fd607c8}</UniqueIdentifier>
    </Filter>
    <Filter Include="ThirdParty\glfw">
      <UniqueIdentifier>{7cf2abe4-fa2a-40b7-bbd4-edde694d094c}</UniqueIdentifier>
    </Filter>
    <Filter Include="ThirdParty\glfw\include">
      <UniqueIdentifier>{e7818402-4794-4b01-bb7b-edd694fe5a30}</UniqueIdentifier>
    </Filter>
    <Filter Include="ThirdParty\str_view">
      <UniqueIdentifier>{c7416c92-7628-46ab-8f47-efd96410a47e}</UniqueIdentifier>
    </Filter>
    <Filter Include="Source Files\Utility\Asset\ASCII">
      <UniqueIdentifier>{b0de04d3-c61c-4d11-bd90-a7d73899d767}</UniqueIdentifier>
    </Filter>
    <Filter Include="Source Files\Utility\DateTime">
      <UniqueIdentifier>{de497dee-2686-4d05-919a-b7af07ce801a}</UniqueIdentifier>
    </Filter>
  </ItemGroup>
  <ItemGroup>
    <ClInclude Include="Application.h">
      <Filter>Source Files</Filter>
    </ClInclude>
    <ClInclude Include="ThirdParty\glad\KHR\khrplatform.h">
      <Filter>ThirdParty\glad\KHR</Filter>
    </ClInclude>
    <ClInclude Include="ThirdParty\glad\release\glad.h">
      <Filter>ThirdParty\glad\release</Filter>
    </ClInclude>
    <ClInclude Include="ThirdParty\GLFW\glfw3.h">
      <Filter>ThirdParty\glfw\include</Filter>
    </ClInclude>
    <ClInclude Include="UniversalIncludes.h">
      <Filter>Header Files\Common</Filter>
    </ClInclude>
    <ClInclude Include="JoystickStatePrinter.h">
      <Filter>Source Files\Utility\Debug</Filter>
    </ClInclude>
    <ClInclude Include="FSMCallbackInitializer.h">
      <Filter>Source Files\RenderEnvironment\CallbackFunctions</Filter>
    </ClInclude>
    <ClInclude Include="FSMMonitorEventCallback.h">
      <Filter>Source Files\RenderEnvironment\CallbackFunctions\MonitorEventCallback</Filter>
    </ClInclude>
    <ClInclude Include="ThirdParty\easyloggingpp\include\easylogging++.h">
      <Filter>ThirdParty\easylogging++</Filter>
    </ClInclude>
    <ClInclude Include="ThirdParty\ThirdParty_IncludeWrappers\elcc_includer.h">
      <Filter>Header Files\IntermediateHeaders_DoNotIncludeTheseDirectly\LibraryIncludeWrappers_DoNotIncludeTheseDirectly</Filter>
    </ClInclude>
    <ClInclude Include="ThirdParty\ThirdParty_IncludeWrappers\glad_includer.h">
      <Filter>Header Files\IntermediateHeaders_DoNotIncludeTheseDirectly\LibraryIncludeWrappers_DoNotIncludeTheseDirectly</Filter>
    </ClInclude>
    <ClInclude Include="ThirdParty\ThirdParty_IncludeWrappers\glfw_includer.h">
      <Filter>Header Files\IntermediateHeaders_DoNotIncludeTheseDirectly\LibraryIncludeWrappers_DoNotIncludeTheseDirectly</Filter>
    </ClInclude>
    <ClInclude Include="ThirdParty\ThirdParty_IncludeWrappers\glm_includer.h">
      <Filter>Header Files\IntermediateHeaders_DoNotIncludeTheseDirectly\LibraryIncludeWrappers_DoNotIncludeTheseDirectly</Filter>
    </ClInclude>
    <ClInclude Include="BuildSettings.h">
      <Filter>Header Files\ConfigurationAndSetup</Filter>
    </ClInclude>
    <ClInclude Include="EasyLogging_BuildConfig.h">
      <Filter>ThirdParty\easylogging++</Filter>
    </ClInclude>
    <ClInclude Include="FSMErrorCallback.h">
      <Filter>Source Files\RenderEnvironment\CallbackFunctions\ErrorCallback</Filter>
    </ClInclude>
    <ClInclude Include="GraphicsLanguage.h">
      <Filter>Header Files\Common</Filter>
    </ClInclude>
    <ClInclude Include="GraphicsLanguageFramework.h">
      <Filter>Header Files\Common</Filter>
    </ClInclude>
    <ClInclude Include="ThirdParty\glm\detail\_features.hpp">
      <Filter>ThirdParty\glm\glm\detail</Filter>
    </ClInclude>
    <ClInclude Include="ThirdParty\glm\detail\_fixes.hpp">
      <Filter>ThirdParty\glm\glm\detail</Filter>
    </ClInclude>
    <ClInclude Include="ThirdParty\glm\detail\_noise.hpp">
      <Filter>ThirdParty\glm\glm\detail</Filter>
    </ClInclude>
    <ClInclude Include="ThirdParty\glm\detail\_swizzle.hpp">
      <Filter>ThirdParty\glm\glm\detail</Filter>
    </ClInclude>
    <ClInclude Include="ThirdParty\glm\detail\_swizzle_func.hpp">
      <Filter>ThirdParty\glm\glm\detail</Filter>
    </ClInclude>
    <ClInclude Include="ThirdParty\glm\detail\_vectorize.hpp">
      <Filter>ThirdParty\glm\glm\detail</Filter>
    </ClInclude>
    <ClInclude Include="ThirdParty\glm\detail\compute_common.hpp">
      <Filter>ThirdParty\glm\glm\detail</Filter>
    </ClInclude>
    <ClInclude Include="ThirdParty\glm\detail\compute_vector_relational.hpp">
      <Filter>ThirdParty\glm\glm\detail</Filter>
    </ClInclude>
    <ClInclude Include="ThirdParty\glm\detail\qualifier.hpp">
      <Filter>ThirdParty\glm\glm\detail</Filter>
    </ClInclude>
    <ClInclude Include="ThirdParty\glm\detail\setup.hpp">
      <Filter>ThirdParty\glm\glm\detail</Filter>
    </ClInclude>
    <ClInclude Include="ThirdParty\glm\detail\type_float.hpp">
      <Filter>ThirdParty\glm\glm\detail</Filter>
    </ClInclude>
    <ClInclude Include="ThirdParty\glm\detail\type_half.hpp">
      <Filter>ThirdParty\glm\glm\detail</Filter>
    </ClInclude>
    <ClInclude Include="ThirdParty\glm\detail\type_mat2x2.hpp">
      <Filter>ThirdParty\glm\glm\detail</Filter>
    </ClInclude>
    <ClInclude Include="ThirdParty\glm\detail\type_mat2x3.hpp">
      <Filter>ThirdParty\glm\glm\detail</Filter>
    </ClInclude>
    <ClInclude Include="ThirdParty\glm\detail\type_mat2x4.hpp">
      <Filter>ThirdParty\glm\glm\detail</Filter>
    </ClInclude>
    <ClInclude Include="ThirdParty\glm\detail\type_mat3x2.hpp">
      <Filter>ThirdParty\glm\glm\detail</Filter>
    </ClInclude>
    <ClInclude Include="ThirdParty\glm\detail\type_mat3x3.hpp">
      <Filter>ThirdParty\glm\glm\detail</Filter>
    </ClInclude>
    <ClInclude Include="ThirdParty\glm\detail\type_mat3x4.hpp">
      <Filter>ThirdParty\glm\glm\detail</Filter>
    </ClInclude>
    <ClInclude Include="ThirdParty\glm\detail\type_mat4x2.hpp">
      <Filter>ThirdParty\glm\glm\detail</Filter>
    </ClInclude>
    <ClInclude Include="ThirdParty\glm\detail\type_mat4x3.hpp">
      <Filter>ThirdParty\glm\glm\detail</Filter>
    </ClInclude>
    <ClInclude Include="ThirdParty\glm\detail\type_mat4x4.hpp">
      <Filter>ThirdParty\glm\glm\detail</Filter>
    </ClInclude>
    <ClInclude Include="ThirdParty\glm\detail\type_quat.hpp">
      <Filter>ThirdParty\glm\glm\detail</Filter>
    </ClInclude>
    <ClInclude Include="ThirdParty\glm\detail\type_vec1.hpp">
      <Filter>ThirdParty\glm\glm\detail</Filter>
    </ClInclude>
    <ClInclude Include="ThirdParty\glm\detail\type_vec2.hpp">
      <Filter>ThirdParty\glm\glm\detail</Filter>
    </ClInclude>
    <ClInclude Include="ThirdParty\glm\detail\type_vec3.hpp">
      <Filter>ThirdParty\glm\glm\detail</Filter>
    </ClInclude>
    <ClInclude Include="ThirdParty\glm\detail\type_vec4.hpp">
      <Filter>ThirdParty\glm\glm\detail</Filter>
    </ClInclude>
    <ClInclude Include="ThirdParty\glm\ext\matrix_clip_space.hpp">
      <Filter>ThirdParty\glm\glm\ext</Filter>
    </ClInclude>
    <ClInclude Include="ThirdParty\glm\ext\matrix_common.hpp">
      <Filter>ThirdParty\glm\glm\ext</Filter>
    </ClInclude>
    <ClInclude Include="ThirdParty\glm\ext\matrix_double2x2.hpp">
      <Filter>ThirdParty\glm\glm\ext</Filter>
    </ClInclude>
    <ClInclude Include="ThirdParty\glm\ext\matrix_double2x2_precision.hpp">
      <Filter>ThirdParty\glm\glm\ext</Filter>
    </ClInclude>
    <ClInclude Include="ThirdParty\glm\ext\matrix_double2x3.hpp">
      <Filter>ThirdParty\glm\glm\ext</Filter>
    </ClInclude>
    <ClInclude Include="ThirdParty\glm\ext\matrix_double2x3_precision.hpp">
      <Filter>ThirdParty\glm\glm\ext</Filter>
    </ClInclude>
    <ClInclude Include="ThirdParty\glm\ext\matrix_double2x4.hpp">
      <Filter>ThirdParty\glm\glm\ext</Filter>
    </ClInclude>
    <ClInclude Include="ThirdParty\glm\ext\matrix_double2x4_precision.hpp">
      <Filter>ThirdParty\glm\glm\ext</Filter>
    </ClInclude>
    <ClInclude Include="ThirdParty\glm\ext\matrix_double3x2.hpp">
      <Filter>ThirdParty\glm\glm\ext</Filter>
    </ClInclude>
    <ClInclude Include="ThirdParty\glm\ext\matrix_double3x2_precision.hpp">
      <Filter>ThirdParty\glm\glm\ext</Filter>
    </ClInclude>
    <ClInclude Include="ThirdParty\glm\ext\matrix_double3x3.hpp">
      <Filter>ThirdParty\glm\glm\ext</Filter>
    </ClInclude>
    <ClInclude Include="ThirdParty\glm\ext\matrix_double3x3_precision.hpp">
      <Filter>ThirdParty\glm\glm\ext</Filter>
    </ClInclude>
    <ClInclude Include="ThirdParty\glm\ext\matrix_double3x4.hpp">
      <Filter>ThirdParty\glm\glm\ext</Filter>
    </ClInclude>
    <ClInclude Include="ThirdParty\glm\ext\matrix_double3x4_precision.hpp">
      <Filter>ThirdParty\glm\glm\ext</Filter>
    </ClInclude>
    <ClInclude Include="ThirdParty\glm\ext\matrix_double4x2.hpp">
      <Filter>ThirdParty\glm\glm\ext</Filter>
    </ClInclude>
    <ClInclude Include="ThirdParty\glm\ext\matrix_double4x2_precision.hpp">
      <Filter>ThirdParty\glm\glm\ext</Filter>
    </ClInclude>
    <ClInclude Include="ThirdParty\glm\ext\matrix_double4x3.hpp">
      <Filter>ThirdParty\glm\glm\ext</Filter>
    </ClInclude>
    <ClInclude Include="ThirdParty\glm\ext\matrix_double4x3_precision.hpp">
      <Filter>ThirdParty\glm\glm\ext</Filter>
    </ClInclude>
    <ClInclude Include="ThirdParty\glm\ext\matrix_double4x4.hpp">
      <Filter>ThirdParty\glm\glm\ext</Filter>
    </ClInclude>
    <ClInclude Include="ThirdParty\glm\ext\matrix_double4x4_precision.hpp">
      <Filter>ThirdParty\glm\glm\ext</Filter>
    </ClInclude>
    <ClInclude Include="ThirdParty\glm\ext\matrix_float2x2.hpp">
      <Filter>ThirdParty\glm\glm\ext</Filter>
    </ClInclude>
    <ClInclude Include="ThirdParty\glm\ext\matrix_float2x2_precision.hpp">
      <Filter>ThirdParty\glm\glm\ext</Filter>
    </ClInclude>
    <ClInclude Include="ThirdParty\glm\ext\matrix_float2x3.hpp">
      <Filter>ThirdParty\glm\glm\ext</Filter>
    </ClInclude>
    <ClInclude Include="ThirdParty\glm\ext\matrix_float2x3_precision.hpp">
      <Filter>ThirdParty\glm\glm\ext</Filter>
    </ClInclude>
    <ClInclude Include="ThirdParty\glm\ext\matrix_float2x4.hpp">
      <Filter>ThirdParty\glm\glm\ext</Filter>
    </ClInclude>
    <ClInclude Include="ThirdParty\glm\ext\matrix_float2x4_precision.hpp">
      <Filter>ThirdParty\glm\glm\ext</Filter>
    </ClInclude>
    <ClInclude Include="ThirdParty\glm\ext\matrix_float3x2.hpp">
      <Filter>ThirdParty\glm\glm\ext</Filter>
    </ClInclude>
    <ClInclude Include="ThirdParty\glm\ext\matrix_float3x2_precision.hpp">
      <Filter>ThirdParty\glm\glm\ext</Filter>
    </ClInclude>
    <ClInclude Include="ThirdParty\glm\ext\matrix_float3x3.hpp">
      <Filter>ThirdParty\glm\glm\ext</Filter>
    </ClInclude>
    <ClInclude Include="ThirdParty\glm\ext\matrix_float3x3_precision.hpp">
      <Filter>ThirdParty\glm\glm\ext</Filter>
    </ClInclude>
    <ClInclude Include="ThirdParty\glm\ext\matrix_float3x4.hpp">
      <Filter>ThirdParty\glm\glm\ext</Filter>
    </ClInclude>
    <ClInclude Include="ThirdParty\glm\ext\matrix_float3x4_precision.hpp">
      <Filter>ThirdParty\glm\glm\ext</Filter>
    </ClInclude>
    <ClInclude Include="ThirdParty\glm\ext\matrix_float4x2.hpp">
      <Filter>ThirdParty\glm\glm\ext</Filter>
    </ClInclude>
    <ClInclude Include="ThirdParty\glm\ext\matrix_float4x2_precision.hpp">
      <Filter>ThirdParty\glm\glm\ext</Filter>
    </ClInclude>
    <ClInclude Include="ThirdParty\glm\ext\matrix_float4x3.hpp">
      <Filter>ThirdParty\glm\glm\ext</Filter>
    </ClInclude>
    <ClInclude Include="ThirdParty\glm\ext\matrix_float4x3_precision.hpp">
      <Filter>ThirdParty\glm\glm\ext</Filter>
    </ClInclude>
    <ClInclude Include="ThirdParty\glm\ext\matrix_float4x4.hpp">
      <Filter>ThirdParty\glm\glm\ext</Filter>
    </ClInclude>
    <ClInclude Include="ThirdParty\glm\ext\matrix_float4x4_precision.hpp">
      <Filter>ThirdParty\glm\glm\ext</Filter>
    </ClInclude>
    <ClInclude Include="ThirdParty\glm\ext\matrix_projection.hpp">
      <Filter>ThirdParty\glm\glm\ext</Filter>
    </ClInclude>
    <ClInclude Include="ThirdParty\glm\ext\matrix_relational.hpp">
      <Filter>ThirdParty\glm\glm\ext</Filter>
    </ClInclude>
    <ClInclude Include="ThirdParty\glm\ext\matrix_transform.hpp">
      <Filter>ThirdParty\glm\glm\ext</Filter>
    </ClInclude>
    <ClInclude Include="ThirdParty\glm\ext\quaternion_common.hpp">
      <Filter>ThirdParty\glm\glm\ext</Filter>
    </ClInclude>
    <ClInclude Include="ThirdParty\glm\ext\quaternion_double.hpp">
      <Filter>ThirdParty\glm\glm\ext</Filter>
    </ClInclude>
    <ClInclude Include="ThirdParty\glm\ext\quaternion_double_precision.hpp">
      <Filter>ThirdParty\glm\glm\ext</Filter>
    </ClInclude>
    <ClInclude Include="ThirdParty\glm\ext\quaternion_exponential.hpp">
      <Filter>ThirdParty\glm\glm\ext</Filter>
    </ClInclude>
    <ClInclude Include="ThirdParty\glm\ext\quaternion_float.hpp">
      <Filter>ThirdParty\glm\glm\ext</Filter>
    </ClInclude>
    <ClInclude Include="ThirdParty\glm\ext\quaternion_float_precision.hpp">
      <Filter>ThirdParty\glm\glm\ext</Filter>
    </ClInclude>
    <ClInclude Include="ThirdParty\glm\ext\quaternion_geometric.hpp">
      <Filter>ThirdParty\glm\glm\ext</Filter>
    </ClInclude>
    <ClInclude Include="ThirdParty\glm\ext\quaternion_relational.hpp">
      <Filter>ThirdParty\glm\glm\ext</Filter>
    </ClInclude>
    <ClInclude Include="ThirdParty\glm\ext\quaternion_transform.hpp">
      <Filter>ThirdParty\glm\glm\ext</Filter>
    </ClInclude>
    <ClInclude Include="ThirdParty\glm\ext\quaternion_trigonometric.hpp">
      <Filter>ThirdParty\glm\glm\ext</Filter>
    </ClInclude>
    <ClInclude Include="ThirdParty\glm\ext\scalar_common.hpp">
      <Filter>ThirdParty\glm\glm\ext</Filter>
    </ClInclude>
    <ClInclude Include="ThirdParty\glm\ext\scalar_constants.hpp">
      <Filter>ThirdParty\glm\glm\ext</Filter>
    </ClInclude>
    <ClInclude Include="ThirdParty\glm\ext\scalar_int_sized.hpp">
      <Filter>ThirdParty\glm\glm\ext</Filter>
    </ClInclude>
    <ClInclude Include="ThirdParty\glm\ext\scalar_relational.hpp">
      <Filter>ThirdParty\glm\glm\ext</Filter>
    </ClInclude>
    <ClInclude Include="ThirdParty\glm\ext\scalar_uint_sized.hpp">
      <Filter>ThirdParty\glm\glm\ext</Filter>
    </ClInclude>
    <ClInclude Include="ThirdParty\glm\ext\scalar_ulp.hpp">
      <Filter>ThirdParty\glm\glm\ext</Filter>
    </ClInclude>
    <ClInclude Include="ThirdParty\glm\ext\vector_bool1.hpp">
      <Filter>ThirdParty\glm\glm\ext</Filter>
    </ClInclude>
    <ClInclude Include="ThirdParty\glm\ext\vector_bool1_precision.hpp">
      <Filter>ThirdParty\glm\glm\ext</Filter>
    </ClInclude>
    <ClInclude Include="ThirdParty\glm\ext\vector_bool2.hpp">
      <Filter>ThirdParty\glm\glm\ext</Filter>
    </ClInclude>
    <ClInclude Include="ThirdParty\glm\ext\vector_bool2_precision.hpp">
      <Filter>ThirdParty\glm\glm\ext</Filter>
    </ClInclude>
    <ClInclude Include="ThirdParty\glm\ext\vector_bool3.hpp">
      <Filter>ThirdParty\glm\glm\ext</Filter>
    </ClInclude>
    <ClInclude Include="ThirdParty\glm\ext\vector_bool3_precision.hpp">
      <Filter>ThirdParty\glm\glm\ext</Filter>
    </ClInclude>
    <ClInclude Include="ThirdParty\glm\ext\vector_bool4.hpp">
      <Filter>ThirdParty\glm\glm\ext</Filter>
    </ClInclude>
    <ClInclude Include="ThirdParty\glm\ext\vector_bool4_precision.hpp">
      <Filter>ThirdParty\glm\glm\ext</Filter>
    </ClInclude>
    <ClInclude Include="ThirdParty\glm\ext\vector_common.hpp">
      <Filter>ThirdParty\glm\glm\ext</Filter>
    </ClInclude>
    <ClInclude Include="ThirdParty\glm\ext\vector_double1.hpp">
      <Filter>ThirdParty\glm\glm\ext</Filter>
    </ClInclude>
    <ClInclude Include="ThirdParty\glm\ext\vector_double1_precision.hpp">
      <Filter>ThirdParty\glm\glm\ext</Filter>
    </ClInclude>
    <ClInclude Include="ThirdParty\glm\ext\vector_double2.hpp">
      <Filter>ThirdParty\glm\glm\ext</Filter>
    </ClInclude>
    <ClInclude Include="ThirdParty\glm\ext\vector_double2_precision.hpp">
      <Filter>ThirdParty\glm\glm\ext</Filter>
    </ClInclude>
    <ClInclude Include="ThirdParty\glm\ext\vector_double3.hpp">
      <Filter>ThirdParty\glm\glm\ext</Filter>
    </ClInclude>
    <ClInclude Include="ThirdParty\glm\ext\vector_double3_precision.hpp">
      <Filter>ThirdParty\glm\glm\ext</Filter>
    </ClInclude>
    <ClInclude Include="ThirdParty\glm\ext\vector_double4.hpp">
      <Filter>ThirdParty\glm\glm\ext</Filter>
    </ClInclude>
    <ClInclude Include="ThirdParty\glm\ext\vector_double4_precision.hpp">
      <Filter>ThirdParty\glm\glm\ext</Filter>
    </ClInclude>
    <ClInclude Include="ThirdParty\glm\ext\vector_float1.hpp">
      <Filter>ThirdParty\glm\glm\ext</Filter>
    </ClInclude>
    <ClInclude Include="ThirdParty\glm\ext\vector_float1_precision.hpp">
      <Filter>ThirdParty\glm\glm\ext</Filter>
    </ClInclude>
    <ClInclude Include="ThirdParty\glm\ext\vector_float2.hpp">
      <Filter>ThirdParty\glm\glm\ext</Filter>
    </ClInclude>
    <ClInclude Include="ThirdParty\glm\ext\vector_float2_precision.hpp">
      <Filter>ThirdParty\glm\glm\ext</Filter>
    </ClInclude>
    <ClInclude Include="ThirdParty\glm\ext\vector_float3.hpp">
      <Filter>ThirdParty\glm\glm\ext</Filter>
    </ClInclude>
    <ClInclude Include="ThirdParty\glm\ext\vector_float3_precision.hpp">
      <Filter>ThirdParty\glm\glm\ext</Filter>
    </ClInclude>
    <ClInclude Include="ThirdParty\glm\ext\vector_float4.hpp">
      <Filter>ThirdParty\glm\glm\ext</Filter>
    </ClInclude>
    <ClInclude Include="ThirdParty\glm\ext\vector_float4_precision.hpp">
      <Filter>ThirdParty\glm\glm\ext</Filter>
    </ClInclude>
    <ClInclude Include="ThirdParty\glm\ext\vector_int1.hpp">
      <Filter>ThirdParty\glm\glm\ext</Filter>
    </ClInclude>
    <ClInclude Include="ThirdParty\glm\ext\vector_int1_precision.hpp">
      <Filter>ThirdParty\glm\glm\ext</Filter>
    </ClInclude>
    <ClInclude Include="ThirdParty\glm\ext\vector_int2.hpp">
      <Filter>ThirdParty\glm\glm\ext</Filter>
    </ClInclude>
    <ClInclude Include="ThirdParty\glm\ext\vector_int2_precision.hpp">
      <Filter>ThirdParty\glm\glm\ext</Filter>
    </ClInclude>
    <ClInclude Include="ThirdParty\glm\ext\vector_int3.hpp">
      <Filter>ThirdParty\glm\glm\ext</Filter>
    </ClInclude>
    <ClInclude Include="ThirdParty\glm\ext\vector_int3_precision.hpp">
      <Filter>ThirdParty\glm\glm\ext</Filter>
    </ClInclude>
    <ClInclude Include="ThirdParty\glm\ext\vector_int4.hpp">
      <Filter>ThirdParty\glm\glm\ext</Filter>
    </ClInclude>
    <ClInclude Include="ThirdParty\glm\ext\vector_int4_precision.hpp">
      <Filter>ThirdParty\glm\glm\ext</Filter>
    </ClInclude>
    <ClInclude Include="ThirdParty\glm\ext\vector_relational.hpp">
      <Filter>ThirdParty\glm\glm\ext</Filter>
    </ClInclude>
    <ClInclude Include="ThirdParty\glm\ext\vector_uint1.hpp">
      <Filter>ThirdParty\glm\glm\ext</Filter>
    </ClInclude>
    <ClInclude Include="ThirdParty\glm\ext\vector_uint1_precision.hpp">
      <Filter>ThirdParty\glm\glm\ext</Filter>
    </ClInclude>
    <ClInclude Include="ThirdParty\glm\ext\vector_uint2.hpp">
      <Filter>ThirdParty\glm\glm\ext</Filter>
    </ClInclude>
    <ClInclude Include="ThirdParty\glm\ext\vector_uint2_precision.hpp">
      <Filter>ThirdParty\glm\glm\ext</Filter>
    </ClInclude>
    <ClInclude Include="ThirdParty\glm\ext\vector_uint3.hpp">
      <Filter>ThirdParty\glm\glm\ext</Filter>
    </ClInclude>
    <ClInclude Include="ThirdParty\glm\ext\vector_uint3_precision.hpp">
      <Filter>ThirdParty\glm\glm\ext</Filter>
    </ClInclude>
    <ClInclude Include="ThirdParty\glm\ext\vector_uint4.hpp">
      <Filter>ThirdParty\glm\glm\ext</Filter>
    </ClInclude>
    <ClInclude Include="ThirdParty\glm\ext\vector_uint4_precision.hpp">
      <Filter>ThirdParty\glm\glm\ext</Filter>
    </ClInclude>
    <ClInclude Include="ThirdParty\glm\ext\vector_ulp.hpp">
      <Filter>ThirdParty\glm\glm\ext</Filter>
    </ClInclude>
    <ClInclude Include="ThirdParty\glm\gtc\bitfield.hpp">
      <Filter>ThirdParty\glm\glm\gtc</Filter>
    </ClInclude>
    <ClInclude Include="ThirdParty\glm\gtc\color_space.hpp">
      <Filter>ThirdParty\glm\glm\gtc</Filter>
    </ClInclude>
    <ClInclude Include="ThirdParty\glm\gtc\constants.hpp">
      <Filter>ThirdParty\glm\glm\gtc</Filter>
    </ClInclude>
    <ClInclude Include="ThirdParty\glm\gtc\epsilon.hpp">
      <Filter>ThirdParty\glm\glm\gtc</Filter>
    </ClInclude>
    <ClInclude Include="ThirdParty\glm\gtc\integer.hpp">
      <Filter>ThirdParty\glm\glm\gtc</Filter>
    </ClInclude>
    <ClInclude Include="ThirdParty\glm\gtc\matrix_access.hpp">
      <Filter>ThirdParty\glm\glm\gtc</Filter>
    </ClInclude>
    <ClInclude Include="ThirdParty\glm\gtc\matrix_integer.hpp">
      <Filter>ThirdParty\glm\glm\gtc</Filter>
    </ClInclude>
    <ClInclude Include="ThirdParty\glm\gtc\matrix_inverse.hpp">
      <Filter>ThirdParty\glm\glm\gtc</Filter>
    </ClInclude>
    <ClInclude Include="ThirdParty\glm\gtc\matrix_transform.hpp">
      <Filter>ThirdParty\glm\glm\gtc</Filter>
    </ClInclude>
    <ClInclude Include="ThirdParty\glm\gtc\noise.hpp">
      <Filter>ThirdParty\glm\glm\gtc</Filter>
    </ClInclude>
    <ClInclude Include="ThirdParty\glm\gtc\packing.hpp">
      <Filter>ThirdParty\glm\glm\gtc</Filter>
    </ClInclude>
    <ClInclude Include="ThirdParty\glm\gtc\quaternion.hpp">
      <Filter>ThirdParty\glm\glm\gtc</Filter>
    </ClInclude>
    <ClInclude Include="ThirdParty\glm\gtc\random.hpp">
      <Filter>ThirdParty\glm\glm\gtc</Filter>
    </ClInclude>
    <ClInclude Include="ThirdParty\glm\gtc\reciprocal.hpp">
      <Filter>ThirdParty\glm\glm\gtc</Filter>
    </ClInclude>
    <ClInclude Include="ThirdParty\glm\gtc\round.hpp">
      <Filter>ThirdParty\glm\glm\gtc</Filter>
    </ClInclude>
    <ClInclude Include="ThirdParty\glm\gtc\type_aligned.hpp">
      <Filter>ThirdParty\glm\glm\gtc</Filter>
    </ClInclude>
    <ClInclude Include="ThirdParty\glm\gtc\type_precision.hpp">
      <Filter>ThirdParty\glm\glm\gtc</Filter>
    </ClInclude>
    <ClInclude Include="ThirdParty\glm\gtc\type_ptr.hpp">
      <Filter>ThirdParty\glm\glm\gtc</Filter>
    </ClInclude>
    <ClInclude Include="ThirdParty\glm\gtc\ulp.hpp">
      <Filter>ThirdParty\glm\glm\gtc</Filter>
    </ClInclude>
    <ClInclude Include="ThirdParty\glm\gtc\vec1.hpp">
      <Filter>ThirdParty\glm\glm\gtc</Filter>
    </ClInclude>
    <ClInclude Include="ThirdParty\glm\gtx\associated_min_max.hpp">
      <Filter>ThirdParty\glm\glm\gtx</Filter>
    </ClInclude>
    <ClInclude Include="ThirdParty\glm\gtx\bit.hpp">
      <Filter>ThirdParty\glm\glm\gtx</Filter>
    </ClInclude>
    <ClInclude Include="ThirdParty\glm\gtx\closest_point.hpp">
      <Filter>ThirdParty\glm\glm\gtx</Filter>
    </ClInclude>
    <ClInclude Include="ThirdParty\glm\gtx\color_encoding.hpp">
      <Filter>ThirdParty\glm\glm\gtx</Filter>
    </ClInclude>
    <ClInclude Include="ThirdParty\glm\gtx\color_space.hpp">
      <Filter>ThirdParty\glm\glm\gtx</Filter>
    </ClInclude>
    <ClInclude Include="ThirdParty\glm\gtx\color_space_YCoCg.hpp">
      <Filter>ThirdParty\glm\glm\gtx</Filter>
    </ClInclude>
    <ClInclude Include="ThirdParty\glm\gtx\common.hpp">
      <Filter>ThirdParty\glm\glm\gtx</Filter>
    </ClInclude>
    <ClInclude Include="ThirdParty\glm\gtx\compatibility.hpp">
      <Filter>ThirdParty\glm\glm\gtx</Filter>
    </ClInclude>
    <ClInclude Include="ThirdParty\glm\gtx\component_wise.hpp">
      <Filter>ThirdParty\glm\glm\gtx</Filter>
    </ClInclude>
    <ClInclude Include="ThirdParty\glm\gtx\dual_quaternion.hpp">
      <Filter>ThirdParty\glm\glm\gtx</Filter>
    </ClInclude>
    <ClInclude Include="ThirdParty\glm\gtx\easing.hpp">
      <Filter>ThirdParty\glm\glm\gtx</Filter>
    </ClInclude>
    <ClInclude Include="ThirdParty\glm\gtx\euler_angles.hpp">
      <Filter>ThirdParty\glm\glm\gtx</Filter>
    </ClInclude>
    <ClInclude Include="ThirdParty\glm\gtx\extend.hpp">
      <Filter>ThirdParty\glm\glm\gtx</Filter>
    </ClInclude>
    <ClInclude Include="ThirdParty\glm\gtx\extended_min_max.hpp">
      <Filter>ThirdParty\glm\glm\gtx</Filter>
    </ClInclude>
    <ClInclude Include="ThirdParty\glm\gtx\exterior_product.hpp">
      <Filter>ThirdParty\glm\glm\gtx</Filter>
    </ClInclude>
    <ClInclude Include="ThirdParty\glm\gtx\fast_exponential.hpp">
      <Filter>ThirdParty\glm\glm\gtx</Filter>
    </ClInclude>
    <ClInclude Include="ThirdParty\glm\gtx\fast_square_root.hpp">
      <Filter>ThirdParty\glm\glm\gtx</Filter>
    </ClInclude>
    <ClInclude Include="ThirdParty\glm\gtx\fast_trigonometry.hpp">
      <Filter>ThirdParty\glm\glm\gtx</Filter>
    </ClInclude>
    <ClInclude Include="ThirdParty\glm\gtx\functions.hpp">
      <Filter>ThirdParty\glm\glm\gtx</Filter>
    </ClInclude>
    <ClInclude Include="ThirdParty\glm\gtx\gradient_paint.hpp">
      <Filter>ThirdParty\glm\glm\gtx</Filter>
    </ClInclude>
    <ClInclude Include="ThirdParty\glm\gtx\handed_coordinate_space.hpp">
      <Filter>ThirdParty\glm\glm\gtx</Filter>
    </ClInclude>
    <ClInclude Include="ThirdParty\glm\gtx\hash.hpp">
      <Filter>ThirdParty\glm\glm\gtx</Filter>
    </ClInclude>
    <ClInclude Include="ThirdParty\glm\gtx\integer.hpp">
      <Filter>ThirdParty\glm\glm\gtx</Filter>
    </ClInclude>
    <ClInclude Include="ThirdParty\glm\gtx\intersect.hpp">
      <Filter>ThirdParty\glm\glm\gtx</Filter>
    </ClInclude>
    <ClInclude Include="ThirdParty\glm\gtx\io.hpp">
      <Filter>ThirdParty\glm\glm\gtx</Filter>
    </ClInclude>
    <ClInclude Include="ThirdParty\glm\gtx\log_base.hpp">
      <Filter>ThirdParty\glm\glm\gtx</Filter>
    </ClInclude>
    <ClInclude Include="ThirdParty\glm\gtx\matrix_cross_product.hpp">
      <Filter>ThirdParty\glm\glm\gtx</Filter>
    </ClInclude>
    <ClInclude Include="ThirdParty\glm\gtx\matrix_decompose.hpp">
      <Filter>ThirdParty\glm\glm\gtx</Filter>
    </ClInclude>
    <ClInclude Include="ThirdParty\glm\gtx\matrix_factorisation.hpp">
      <Filter>ThirdParty\glm\glm\gtx</Filter>
    </ClInclude>
    <ClInclude Include="ThirdParty\glm\gtx\matrix_interpolation.hpp">
      <Filter>ThirdParty\glm\glm\gtx</Filter>
    </ClInclude>
    <ClInclude Include="ThirdParty\glm\gtx\matrix_major_storage.hpp">
      <Filter>ThirdParty\glm\glm\gtx</Filter>
    </ClInclude>
    <ClInclude Include="ThirdParty\glm\gtx\matrix_operation.hpp">
      <Filter>ThirdParty\glm\glm\gtx</Filter>
    </ClInclude>
    <ClInclude Include="ThirdParty\glm\gtx\matrix_query.hpp">
      <Filter>ThirdParty\glm\glm\gtx</Filter>
    </ClInclude>
    <ClInclude Include="ThirdParty\glm\gtx\matrix_transform_2d.hpp">
      <Filter>ThirdParty\glm\glm\gtx</Filter>
    </ClInclude>
    <ClInclude Include="ThirdParty\glm\gtx\mixed_product.hpp">
      <Filter>ThirdParty\glm\glm\gtx</Filter>
    </ClInclude>
    <ClInclude Include="ThirdParty\glm\gtx\norm.hpp">
      <Filter>ThirdParty\glm\glm\gtx</Filter>
    </ClInclude>
    <ClInclude Include="ThirdParty\glm\gtx\normal.hpp">
      <Filter>ThirdParty\glm\glm\gtx</Filter>
    </ClInclude>
    <ClInclude Include="ThirdParty\glm\gtx\normalize_dot.hpp">
      <Filter>ThirdParty\glm\glm\gtx</Filter>
    </ClInclude>
    <ClInclude Include="ThirdParty\glm\gtx\number_precision.hpp">
      <Filter>ThirdParty\glm\glm\gtx</Filter>
    </ClInclude>
    <ClInclude Include="ThirdParty\glm\gtx\optimum_pow.hpp">
      <Filter>ThirdParty\glm\glm\gtx</Filter>
    </ClInclude>
    <ClInclude Include="ThirdParty\glm\gtx\orthonormalize.hpp">
      <Filter>ThirdParty\glm\glm\gtx</Filter>
    </ClInclude>
    <ClInclude Include="ThirdParty\glm\gtx\perpendicular.hpp">
      <Filter>ThirdParty\glm\glm\gtx</Filter>
    </ClInclude>
    <ClInclude Include="ThirdParty\glm\gtx\polar_coordinates.hpp">
      <Filter>ThirdParty\glm\glm\gtx</Filter>
    </ClInclude>
    <ClInclude Include="ThirdParty\glm\gtx\projection.hpp">
      <Filter>ThirdParty\glm\glm\gtx</Filter>
    </ClInclude>
    <ClInclude Include="ThirdParty\glm\gtx\quaternion.hpp">
      <Filter>ThirdParty\glm\glm\gtx</Filter>
    </ClInclude>
    <ClInclude Include="ThirdParty\glm\gtx\range.hpp">
      <Filter>ThirdParty\glm\glm\gtx</Filter>
    </ClInclude>
    <ClInclude Include="ThirdParty\glm\gtx\raw_data.hpp">
      <Filter>ThirdParty\glm\glm\gtx</Filter>
    </ClInclude>
    <ClInclude Include="ThirdParty\glm\gtx\rotate_normalized_axis.hpp">
      <Filter>ThirdParty\glm\glm\gtx</Filter>
    </ClInclude>
    <ClInclude Include="ThirdParty\glm\gtx\rotate_vector.hpp">
      <Filter>ThirdParty\glm\glm\gtx</Filter>
    </ClInclude>
    <ClInclude Include="ThirdParty\glm\gtx\scalar_multiplication.hpp">
      <Filter>ThirdParty\glm\glm\gtx</Filter>
    </ClInclude>
    <ClInclude Include="ThirdParty\glm\gtx\scalar_relational.hpp">
      <Filter>ThirdParty\glm\glm\gtx</Filter>
    </ClInclude>
    <ClInclude Include="ThirdParty\glm\gtx\spline.hpp">
      <Filter>ThirdParty\glm\glm\gtx</Filter>
    </ClInclude>
    <ClInclude Include="ThirdParty\glm\gtx\std_based_type.hpp">
      <Filter>ThirdParty\glm\glm\gtx</Filter>
    </ClInclude>
    <ClInclude Include="ThirdParty\glm\gtx\string_cast.hpp">
      <Filter>ThirdParty\glm\glm\gtx</Filter>
    </ClInclude>
    <ClInclude Include="ThirdParty\glm\gtx\texture.hpp">
      <Filter>ThirdParty\glm\glm\gtx</Filter>
    </ClInclude>
    <ClInclude Include="ThirdParty\glm\gtx\transform.hpp">
      <Filter>ThirdParty\glm\glm\gtx</Filter>
    </ClInclude>
    <ClInclude Include="ThirdParty\glm\gtx\transform2.hpp">
      <Filter>ThirdParty\glm\glm\gtx</Filter>
    </ClInclude>
    <ClInclude Include="ThirdParty\glm\gtx\type_aligned.hpp">
      <Filter>ThirdParty\glm\glm\gtx</Filter>
    </ClInclude>
    <ClInclude Include="ThirdParty\glm\gtx\type_trait.hpp">
      <Filter>ThirdParty\glm\glm\gtx</Filter>
    </ClInclude>
    <ClInclude Include="ThirdParty\glm\gtx\vec_swizzle.hpp">
      <Filter>ThirdParty\glm\glm\gtx</Filter>
    </ClInclude>
    <ClInclude Include="ThirdParty\glm\gtx\vector_angle.hpp">
      <Filter>ThirdParty\glm\glm\gtx</Filter>
    </ClInclude>
    <ClInclude Include="ThirdParty\glm\gtx\vector_query.hpp">
      <Filter>ThirdParty\glm\glm\gtx</Filter>
    </ClInclude>
    <ClInclude Include="ThirdParty\glm\gtx\wrap.hpp">
      <Filter>ThirdParty\glm\glm\gtx</Filter>
    </ClInclude>
    <ClInclude Include="ThirdParty\glm\simd\common.h">
      <Filter>ThirdParty\glm\glm\simd</Filter>
    </ClInclude>
    <ClInclude Include="ThirdParty\glm\simd\exponential.h">
      <Filter>ThirdParty\glm\glm\simd</Filter>
    </ClInclude>
    <ClInclude Include="ThirdParty\glm\simd\geometric.h">
      <Filter>ThirdParty\glm\glm\simd</Filter>
    </ClInclude>
    <ClInclude Include="ThirdParty\glm\simd\integer.h">
      <Filter>ThirdParty\glm\glm\simd</Filter>
    </ClInclude>
    <ClInclude Include="ThirdParty\glm\simd\matrix.h">
      <Filter>ThirdParty\glm\glm\simd</Filter>
    </ClInclude>
    <ClInclude Include="ThirdParty\glm\simd\packing.h">
      <Filter>ThirdParty\glm\glm\simd</Filter>
    </ClInclude>
    <ClInclude Include="ThirdParty\glm\simd\platform.h">
      <Filter>ThirdParty\glm\glm\simd</Filter>
    </ClInclude>
    <ClInclude Include="ThirdParty\glm\simd\trigonometric.h">
      <Filter>ThirdParty\glm\glm\simd</Filter>
    </ClInclude>
    <ClInclude Include="ThirdParty\glm\simd\vector_relational.h">
      <Filter>ThirdParty\glm\glm\simd</Filter>
    </ClInclude>
    <ClInclude Include="ThirdParty\glm\common.hpp">
      <Filter>ThirdParty\glm\glm</Filter>
    </ClInclude>
    <ClInclude Include="ThirdParty\glm\exponential.hpp">
      <Filter>ThirdParty\glm\glm</Filter>
    </ClInclude>
    <ClInclude Include="ThirdParty\glm\ext.hpp">
      <Filter>ThirdParty\glm\glm</Filter>
    </ClInclude>
    <ClInclude Include="ThirdParty\glm\fwd.hpp">
      <Filter>ThirdParty\glm\glm</Filter>
    </ClInclude>
    <ClInclude Include="ThirdParty\glm\geometric.hpp">
      <Filter>ThirdParty\glm\glm</Filter>
    </ClInclude>
    <ClInclude Include="ThirdParty\glm\glm.hpp">
      <Filter>ThirdParty\glm\glm</Filter>
    </ClInclude>
    <ClInclude Include="ThirdParty\glm\integer.hpp">
      <Filter>ThirdParty\glm\glm</Filter>
    </ClInclude>
    <ClInclude Include="ThirdParty\glm\mat2x2.hpp">
      <Filter>ThirdParty\glm\glm</Filter>
    </ClInclude>
    <ClInclude Include="ThirdParty\glm\mat2x3.hpp">
      <Filter>ThirdParty\glm\glm</Filter>
    </ClInclude>
    <ClInclude Include="ThirdParty\glm\mat2x4.hpp">
      <Filter>ThirdParty\glm\glm</Filter>
    </ClInclude>
    <ClInclude Include="ThirdParty\glm\mat3x2.hpp">
      <Filter>ThirdParty\glm\glm</Filter>
    </ClInclude>
    <ClInclude Include="ThirdParty\glm\mat3x3.hpp">
      <Filter>ThirdParty\glm\glm</Filter>
    </ClInclude>
    <ClInclude Include="ThirdParty\glm\mat3x4.hpp">
      <Filter>ThirdParty\glm\glm</Filter>
    </ClInclude>
    <ClInclude Include="ThirdParty\glm\mat4x2.hpp">
      <Filter>ThirdParty\glm\glm</Filter>
    </ClInclude>
    <ClInclude Include="ThirdParty\glm\mat4x3.hpp">
      <Filter>ThirdParty\glm\glm</Filter>
    </ClInclude>
    <ClInclude Include="ThirdParty\glm\mat4x4.hpp">
      <Filter>ThirdParty\glm\glm</Filter>
    </ClInclude>
    <ClInclude Include="ThirdParty\glm\matrix.hpp">
      <Filter>ThirdParty\glm\glm</Filter>
    </ClInclude>
    <ClInclude Include="ThirdParty\glm\packing.hpp">
      <Filter>ThirdParty\glm\glm</Filter>
    </ClInclude>
    <ClInclude Include="ThirdParty\glm\trigonometric.hpp">
      <Filter>ThirdParty\glm\glm</Filter>
    </ClInclude>
    <ClInclude Include="ThirdParty\glm\vec2.hpp">
      <Filter>ThirdParty\glm\glm</Filter>
    </ClInclude>
    <ClInclude Include="ThirdParty\glm\vec3.hpp">
      <Filter>ThirdParty\glm\glm</Filter>
    </ClInclude>
    <ClInclude Include="ThirdParty\glm\vec4.hpp">
      <Filter>ThirdParty\glm\glm</Filter>
    </ClInclude>
    <ClInclude Include="ThirdParty\glm\vector_relational.hpp">
      <Filter>ThirdParty\glm\glm</Filter>
    </ClInclude>
    <ClInclude Include="EasyLogConfiguration.h">
      <Filter>Source Files\Logging_Initialization\Logging Init</Filter>
    </ClInclude>
    <ClInclude Include="FSMVideoMode.h">
      <Filter>Source Files\RenderEnvironment\Monitor\VideoMode</Filter>
    </ClInclude>
    <ClInclude Include="VidModeImpl.h">
      <Filter>Source Files\RenderEnvironment\Monitor\VideoMode</Filter>
    </ClInclude>
    <ClInclude Include="FSMMonitor.h">
      <Filter>Source Files\RenderEnvironment\Monitor</Filter>
    </ClInclude>
    <ClInclude Include="FSMRenderEnvironment.h">
      <Filter>Source Files\RenderEnvironment</Filter>
    </ClInclude>
    <ClInclude Include="FSMException.h">
      <Filter>Source Files\RenderEnvironment</Filter>
    </ClInclude>
    <ClInclude Include="FSMJoystickEventCallback.h">
      <Filter>Source Files\RenderEnvironment\CallbackFunctions\JoystickCallback</Filter>
    </ClInclude>
    <ClInclude Include="FInitSetting.h">
      <Filter>Source Files\RenderEnvironment\Initialization</Filter>
    </ClInclude>
    <ClInclude Include="ThirdParty\glad\debug\glad_debug.h">
      <Filter>ThirdParty\glad\debug</Filter>
    </ClInclude>
    <ClInclude Include="DefaultValuesForFSMEngine.h">
      <Filter>Source Files\RenderEnvironment\Initialization</Filter>
    </ClInclude>
    <ClInclude Include="LoadableAssetCollection.h">
      <Filter>Source Files\RenderEnvironment\Initialization</Filter>
    </ClInclude>
    <ClInclude Include="ThirdParty\str_view-master\str_view.hpp">
      <Filter>ThirdParty\str_view</Filter>
    </ClInclude>
    <ClInclude Include="AsciiTextFile.h">
      <Filter>Source Files\Utility\Asset\ASCII</Filter>
    </ClInclude>
    <ClInclude Include="AsciiTextFileImpl.h">
      <Filter>Source Files\Utility\Asset\ASCII</Filter>
    </ClInclude>
    <ClInclude Include="GetSystemDateTime.h">
      <Filter>Source Files\Utility\DateTime</Filter>
    </ClInclude>
  </ItemGroup>
  <ItemGroup>
    <ClCompile Include="Application.cpp">
      <Filter>Source Files</Filter>
    </ClCompile>
    <ClCompile Include="ThirdParty\easyloggingpp\include\easylogging++.cc">
      <Filter>ThirdParty\easylogging++</Filter>
    </ClCompile>
    <ClCompile Include="ThirdParty\glad\release\glad.c">
      <Filter>ThirdParty\glad\release</Filter>
    </ClCompile>
    <ClCompile Include="JoystickStatePrinter.cpp">
      <Filter>Source Files\Utility\Debug</Filter>
    </ClCompile>
    <ClCompile Include="FSMCallbackInitializer.cpp">
      <Filter>Source Files\RenderEnvironment\CallbackFunctions</Filter>
    </ClCompile>
    <ClCompile Include="FSMMonitorEventCallback.cpp">
      <Filter>Source Files\RenderEnvironment\CallbackFunctions\MonitorEventCallback</Filter>
    </ClCompile>
    <ClCompile Include="ThirdParty\glad\debug\glad_debug.c">
      <Filter>ThirdParty\glad\debug</Filter>
    </ClCompile>
    <ClCompile Include="ThirdParty\glm\detail\glm.cpp">
      <Filter>ThirdParty\glm\glm\detail</Filter>
    </ClCompile>
    <ClCompile Include="FSMVideoMode.cpp">
      <Filter>Source Files\RenderEnvironment\Monitor\VideoMode</Filter>
    </ClCompile>
    <ClCompile Include="VidModeImpl.cpp">
      <Filter>Source Files\RenderEnvironment\Monitor\VideoMode</Filter>
    </ClCompile>
    <ClCompile Include="FSMRenderEnvironment.cpp">
      <Filter>Source Files\RenderEnvironment</Filter>
    </ClCompile>
    <ClCompile Include="FSMMonitor.cpp">
      <Filter>Source Files\RenderEnvironment\Monitor</Filter>
    </ClCompile>
    <ClCompile Include="FSMJoystickEventCallback.cpp">
      <Filter>Source Files\RenderEnvironment\CallbackFunctions\JoystickCallback</Filter>
    </ClCompile>
    <ClCompile Include="main.cpp">
      <Filter>Source Files</Filter>
    </ClCompile>
    <ClCompile Include="AsciiTextFile.cpp">
      <Filter>Source Files\Utility\Asset\ASCII</Filter>
    </ClCompile>
    <ClCompile Include="AsciiTextFileImpl.cpp">
      <Filter>Source Files\Utility\Asset\ASCII</Filter>
    </ClCompile>
    <ClCompile Include="GetSystemDateTime.cpp">
      <Filter>Source Files\Utility\DateTime</Filter>
    </ClCompile>
  </ItemGroup>
  <ItemGroup>
    <None Include="glfw3.dll">
      <Filter>ThirdParty\glfw</Filter>
    </None>
    <None Include="glfw3.ilk">
      <Filter>ThirdParty\glfw</Filter>
    </None>
    <None Include="glfw3.pdb">
      <Filter>ThirdParty\glfw</Filter>
    </None>
    <None Include="glfw3dll.exp">
      <Filter>ThirdParty\glfw</Filter>
    </None>
    <None Include="Notes\WINDOWS2000_tips_windows_graphics_programming_win32_gdi_and_directd.pdf">
      <Filter>Notes</Filter>
    </None>
    <None Include="ThirdParty\glm\detail\func_common.inl">
      <Filter>ThirdParty\glm\glm\detail</Filter>
    </None>
    <None Include="ThirdParty\glm\detail\func_common_simd.inl">
      <Filter>ThirdParty\glm\glm\detail</Filter>
    </None>
    <None Include="ThirdParty\glm\detail\func_exponential.inl">
      <Filter>ThirdParty\glm\glm\detail</Filter>
    </None>
    <None Include="ThirdParty\glm\detail\func_exponential_simd.inl">
      <Filter>ThirdParty\glm\glm\detail</Filter>
    </None>
    <None Include="ThirdParty\glm\detail\func_geometric.inl">
      <Filter>ThirdParty\glm\glm\detail</Filter>
    </None>
    <None Include="ThirdParty\glm\detail\func_geometric_simd.inl">
      <Filter>ThirdParty\glm\glm\detail</Filter>
    </None>
    <None Include="ThirdParty\glm\detail\func_integer.inl">
      <Filter>ThirdParty\glm\glm\detail</Filter>
    </None>
    <None Include="ThirdParty\glm\detail\func_integer_simd.inl">
      <Filter>ThirdParty\glm\glm\detail</Filter>
    </None>
    <None Include="ThirdParty\glm\detail\func_matrix.inl">
      <Filter>ThirdParty\glm\glm\detail</Filter>
    </None>
    <None Include="ThirdParty\glm\detail\func_matrix_simd.inl">
      <Filter>ThirdParty\glm\glm\detail</Filter>
    </None>
    <None Include="ThirdParty\glm\detail\func_packing.inl">
      <Filter>ThirdParty\glm\glm\detail</Filter>
    </None>
    <None Include="ThirdParty\glm\detail\func_packing_simd.inl">
      <Filter>ThirdParty\glm\glm\detail</Filter>
    </None>
    <None Include="ThirdParty\glm\detail\func_trigonometric.inl">
      <Filter>ThirdParty\glm\glm\detail</Filter>
    </None>
    <None Include="ThirdParty\glm\detail\func_trigonometric_simd.inl">
      <Filter>ThirdParty\glm\glm\detail</Filter>
    </None>
    <None Include="ThirdParty\glm\detail\func_vector_relational.inl">
      <Filter>ThirdParty\glm\glm\detail</Filter>
    </None>
    <None Include="ThirdParty\glm\detail\func_vector_relational_simd.inl">
      <Filter>ThirdParty\glm\glm\detail</Filter>
    </None>
    <None Include="ThirdParty\glm\detail\type_half.inl">
      <Filter>ThirdParty\glm\glm\detail</Filter>
    </None>
    <None Include="ThirdParty\glm\detail\type_mat2x2.inl">
      <Filter>ThirdParty\glm\glm\detail</Filter>
    </None>
    <None Include="ThirdParty\glm\detail\type_mat2x3.inl">
      <Filter>ThirdParty\glm\glm\detail</Filter>
    </None>
    <None Include="ThirdParty\glm\detail\type_mat2x4.inl">
      <Filter>ThirdParty\glm\glm\detail</Filter>
    </None>
    <None Include="ThirdParty\glm\detail\type_mat3x2.inl">
      <Filter>ThirdParty\glm\glm\detail</Filter>
    </None>
    <None Include="ThirdParty\glm\detail\type_mat3x3.inl">
      <Filter>ThirdParty\glm\glm\detail</Filter>
    </None>
    <None Include="ThirdParty\glm\detail\type_mat3x4.inl">
      <Filter>ThirdParty\glm\glm\detail</Filter>
    </None>
    <None Include="ThirdParty\glm\detail\type_mat4x2.inl">
      <Filter>ThirdParty\glm\glm\detail</Filter>
    </None>
    <None Include="ThirdParty\glm\detail\type_mat4x3.inl">
      <Filter>ThirdParty\glm\glm\detail</Filter>
    </None>
    <None Include="ThirdParty\glm\detail\type_mat4x4.inl">
      <Filter>ThirdParty\glm\glm\detail</Filter>
    </None>
    <None Include="ThirdParty\glm\detail\type_mat4x4_simd.inl">
      <Filter>ThirdParty\glm\glm\detail</Filter>
    </None>
    <None Include="ThirdParty\glm\detail\type_quat.inl">
      <Filter>ThirdParty\glm\glm\detail</Filter>
    </None>
    <None Include="ThirdParty\glm\detail\type_quat_simd.inl">
      <Filter>ThirdParty\glm\glm\detail</Filter>
    </None>
    <None Include="ThirdParty\glm\detail\type_vec1.inl">
      <Filter>ThirdParty\glm\glm\detail</Filter>
    </None>
    <None Include="ThirdParty\glm\detail\type_vec2.inl">
      <Filter>ThirdParty\glm\glm\detail</Filter>
    </None>
    <None Include="ThirdParty\glm\detail\type_vec3.inl">
      <Filter>ThirdParty\glm\glm\detail</Filter>
    </None>
    <None Include="ThirdParty\glm\detail\type_vec4.inl">
      <Filter>ThirdParty\glm\glm\detail</Filter>
    </None>
    <None Include="ThirdParty\glm\detail\type_vec4_simd.inl">
      <Filter>ThirdParty\glm\glm\detail</Filter>
    </None>
    <None Include="ThirdParty\glm\ext\matrix_clip_space.inl">
      <Filter>ThirdParty\glm\glm\ext</Filter>
    </None>
    <None Include="ThirdParty\glm\ext\matrix_common.inl">
      <Filter>ThirdParty\glm\glm\ext</Filter>
    </None>
    <None Include="ThirdParty\glm\ext\matrix_projection.inl">
      <Filter>ThirdParty\glm\glm\ext</Filter>
    </None>
    <None Include="ThirdParty\glm\ext\matrix_relational.inl">
      <Filter>ThirdParty\glm\glm\ext</Filter>
    </None>
    <None Include="ThirdParty\glm\ext\matrix_transform.inl">
      <Filter>ThirdParty\glm\glm\ext</Filter>
    </None>
    <None Include="ThirdParty\glm\ext\quaternion_common.inl">
      <Filter>ThirdParty\glm\glm\ext</Filter>
    </None>
    <None Include="ThirdParty\glm\ext\quaternion_common_simd.inl">
      <Filter>ThirdParty\glm\glm\ext</Filter>
    </None>
    <None Include="ThirdParty\glm\ext\quaternion_exponential.inl">
      <Filter>ThirdParty\glm\glm\ext</Filter>
    </None>
    <None Include="ThirdParty\glm\ext\quaternion_geometric.inl">
      <Filter>ThirdParty\glm\glm\ext</Filter>
    </None>
    <None Include="ThirdParty\glm\ext\quaternion_relational.inl">
      <Filter>ThirdParty\glm\glm\ext</Filter>
    </None>
    <None Include="ThirdParty\glm\ext\quaternion_transform.inl">
      <Filter>ThirdParty\glm\glm\ext</Filter>
    </None>
    <None Include="ThirdParty\glm\ext\quaternion_trigonometric.inl">
      <Filter>ThirdParty\glm\glm\ext</Filter>
    </None>
    <None Include="ThirdParty\glm\ext\scalar_common.inl">
      <Filter>ThirdParty\glm\glm\ext</Filter>
    </None>
    <None Include="ThirdParty\glm\ext\scalar_constants.inl">
      <Filter>ThirdParty\glm\glm\ext</Filter>
    </None>
    <None Include="ThirdParty\glm\ext\scalar_relational.inl">
      <Filter>ThirdParty\glm\glm\ext</Filter>
    </None>
    <None Include="ThirdParty\glm\ext\scalar_ulp.inl">
      <Filter>ThirdParty\glm\glm\ext</Filter>
    </None>
    <None Include="ThirdParty\glm\ext\vector_common.inl">
      <Filter>ThirdParty\glm\glm\ext</Filter>
    </None>
    <None Include="ThirdParty\glm\ext\vector_relational.inl">
      <Filter>ThirdParty\glm\glm\ext</Filter>
    </None>
    <None Include="ThirdParty\glm\ext\vector_ulp.inl">
      <Filter>ThirdParty\glm\glm\ext</Filter>
    </None>
    <None Include="ThirdParty\glm\gtc\bitfield.inl">
      <Filter>ThirdParty\glm\glm\gtc</Filter>
    </None>
    <None Include="ThirdParty\glm\gtc\color_space.inl">
      <Filter>ThirdParty\glm\glm\gtc</Filter>
    </None>
    <None Include="ThirdParty\glm\gtc\constants.inl">
      <Filter>ThirdParty\glm\glm\gtc</Filter>
    </None>
    <None Include="ThirdParty\glm\gtc\epsilon.inl">
      <Filter>ThirdParty\glm\glm\gtc</Filter>
    </None>
    <None Include="ThirdParty\glm\gtc\integer.inl">
      <Filter>ThirdParty\glm\glm\gtc</Filter>
    </None>
    <None Include="ThirdParty\glm\gtc\matrix_access.inl">
      <Filter>ThirdParty\glm\glm\gtc</Filter>
    </None>
    <None Include="ThirdParty\glm\gtc\matrix_inverse.inl">
      <Filter>ThirdParty\glm\glm\gtc</Filter>
    </None>
    <None Include="ThirdParty\glm\gtc\matrix_transform.inl">
      <Filter>ThirdParty\glm\glm\gtc</Filter>
    </None>
    <None Include="ThirdParty\glm\gtc\noise.inl">
      <Filter>ThirdParty\glm\glm\gtc</Filter>
    </None>
    <None Include="ThirdParty\glm\gtc\packing.inl">
      <Filter>ThirdParty\glm\glm\gtc</Filter>
    </None>
    <None Include="ThirdParty\glm\gtc\quaternion.inl">
      <Filter>ThirdParty\glm\glm\gtc</Filter>
    </None>
    <None Include="ThirdParty\glm\gtc\quaternion_simd.inl">
      <Filter>ThirdParty\glm\glm\gtc</Filter>
    </None>
    <None Include="ThirdParty\glm\gtc\random.inl">
      <Filter>ThirdParty\glm\glm\gtc</Filter>
    </None>
    <None Include="ThirdParty\glm\gtc\reciprocal.inl">
      <Filter>ThirdParty\glm\glm\gtc</Filter>
    </None>
    <None Include="ThirdParty\glm\gtc\round.inl">
      <Filter>ThirdParty\glm\glm\gtc</Filter>
    </None>
    <None Include="ThirdParty\glm\gtc\type_precision.inl">
      <Filter>ThirdParty\glm\glm\gtc</Filter>
    </None>
    <None Include="ThirdParty\glm\gtc\type_ptr.inl">
      <Filter>ThirdParty\glm\glm\gtc</Filter>
    </None>
    <None Include="ThirdParty\glm\gtc\ulp.inl">
      <Filter>ThirdParty\glm\glm\gtc</Filter>
    </None>
    <None Include="ThirdParty\glm\gtx\associated_min_max.inl">
      <Filter>ThirdParty\glm\glm\gtx</Filter>
    </None>
    <None Include="ThirdParty\glm\gtx\bit.inl">
      <Filter>ThirdParty\glm\glm\gtx</Filter>
    </None>
    <None Include="ThirdParty\glm\gtx\closest_point.inl">
      <Filter>ThirdParty\glm\glm\gtx</Filter>
    </None>
    <None Include="ThirdParty\glm\gtx\color_encoding.inl">
      <Filter>ThirdParty\glm\glm\gtx</Filter>
    </None>
    <None Include="ThirdParty\glm\gtx\color_space.inl">
      <Filter>ThirdParty\glm\glm\gtx</Filter>
    </None>
    <None Include="ThirdParty\glm\gtx\color_space_YCoCg.inl">
      <Filter>ThirdParty\glm\glm\gtx</Filter>
    </None>
    <None Include="ThirdParty\glm\gtx\common.inl">
      <Filter>ThirdParty\glm\glm\gtx</Filter>
    </None>
    <None Include="ThirdParty\glm\gtx\compatibility.inl">
      <Filter>ThirdParty\glm\glm\gtx</Filter>
    </None>
    <None Include="ThirdParty\glm\gtx\component_wise.inl">
      <Filter>ThirdParty\glm\glm\gtx</Filter>
    </None>
    <None Include="ThirdParty\glm\gtx\dual_quaternion.inl">
      <Filter>ThirdParty\glm\glm\gtx</Filter>
    </None>
    <None Include="ThirdParty\glm\gtx\easing.inl">
      <Filter>ThirdParty\glm\glm\gtx</Filter>
    </None>
    <None Include="ThirdParty\glm\gtx\euler_angles.inl">
      <Filter>ThirdParty\glm\glm\gtx</Filter>
    </None>
    <None Include="ThirdParty\glm\gtx\extend.inl">
      <Filter>ThirdParty\glm\glm\gtx</Filter>
    </None>
    <None Include="ThirdParty\glm\gtx\extended_min_max.inl">
      <Filter>ThirdParty\glm\glm\gtx</Filter>
    </None>
    <None Include="ThirdParty\glm\gtx\exterior_product.inl">
      <Filter>ThirdParty\glm\glm\gtx</Filter>
    </None>
    <None Include="ThirdParty\glm\gtx\fast_exponential.inl">
      <Filter>ThirdParty\glm\glm\gtx</Filter>
    </None>
    <None Include="ThirdParty\glm\gtx\fast_square_root.inl">
      <Filter>ThirdParty\glm\glm\gtx</Filter>
    </None>
    <None Include="ThirdParty\glm\gtx\fast_trigonometry.inl">
      <Filter>ThirdParty\glm\glm\gtx</Filter>
    </None>
    <None Include="ThirdParty\glm\gtx\float_notmalize.inl">
      <Filter>ThirdParty\glm\glm\gtx</Filter>
    </None>
    <None Include="ThirdParty\glm\gtx\functions.inl">
      <Filter>ThirdParty\glm\glm\gtx</Filter>
    </None>
    <None Include="ThirdParty\glm\gtx\gradient_paint.inl">
      <Filter>ThirdParty\glm\glm\gtx</Filter>
    </None>
    <None Include="ThirdParty\glm\gtx\handed_coordinate_space.inl">
      <Filter>ThirdParty\glm\glm\gtx</Filter>
    </None>
    <None Include="ThirdParty\glm\gtx\hash.inl">
      <Filter>ThirdParty\glm\glm\gtx</Filter>
    </None>
    <None Include="ThirdParty\glm\gtx\integer.inl">
      <Filter>ThirdParty\glm\glm\gtx</Filter>
    </None>
    <None Include="ThirdParty\glm\gtx\intersect.inl">
      <Filter>ThirdParty\glm\glm\gtx</Filter>
    </None>
    <None Include="ThirdParty\glm\gtx\io.inl">
      <Filter>ThirdParty\glm\glm\gtx</Filter>
    </None>
    <None Include="ThirdParty\glm\gtx\log_base.inl">
      <Filter>ThirdParty\glm\glm\gtx</Filter>
    </None>
    <None Include="ThirdParty\glm\gtx\matrix_cross_product.inl">
      <Filter>ThirdParty\glm\glm\gtx</Filter>
    </None>
    <None Include="ThirdParty\glm\gtx\matrix_decompose.inl">
      <Filter>ThirdParty\glm\glm\gtx</Filter>
    </None>
    <None Include="ThirdParty\glm\gtx\matrix_factorisation.inl">
      <Filter>ThirdParty\glm\glm\gtx</Filter>
    </None>
    <None Include="ThirdParty\glm\gtx\matrix_interpolation.inl">
      <Filter>ThirdParty\glm\glm\gtx</Filter>
    </None>
    <None Include="ThirdParty\glm\gtx\matrix_major_storage.inl">
      <Filter>ThirdParty\glm\glm\gtx</Filter>
    </None>
    <None Include="ThirdParty\glm\gtx\matrix_operation.inl">
      <Filter>ThirdParty\glm\glm\gtx</Filter>
    </None>
    <None Include="ThirdParty\glm\gtx\matrix_query.inl">
      <Filter>ThirdParty\glm\glm\gtx</Filter>
    </None>
    <None Include="ThirdParty\glm\gtx\matrix_transform_2d.inl">
      <Filter>ThirdParty\glm\glm\gtx</Filter>
    </None>
    <None Include="ThirdParty\glm\gtx\mixed_product.inl">
      <Filter>ThirdParty\glm\glm\gtx</Filter>
    </None>
    <None Include="ThirdParty\glm\gtx\norm.inl">
      <Filter>ThirdParty\glm\glm\gtx</Filter>
    </None>
    <None Include="ThirdParty\glm\gtx\normal.inl">
      <Filter>ThirdParty\glm\glm\gtx</Filter>
    </None>
    <None Include="ThirdParty\glm\gtx\normalize_dot.inl">
      <Filter>ThirdParty\glm\glm\gtx</Filter>
    </None>
    <None Include="ThirdParty\glm\gtx\number_precision.inl">
      <Filter>ThirdParty\glm\glm\gtx</Filter>
    </None>
    <None Include="ThirdParty\glm\gtx\optimum_pow.inl">
      <Filter>ThirdParty\glm\glm\gtx</Filter>
    </None>
    <None Include="ThirdParty\glm\gtx\orthonormalize.inl">
      <Filter>ThirdParty\glm\glm\gtx</Filter>
    </None>
    <None Include="ThirdParty\glm\gtx\perpendicular.inl">
      <Filter>ThirdParty\glm\glm\gtx</Filter>
    </None>
    <None Include="ThirdParty\glm\gtx\polar_coordinates.inl">
      <Filter>ThirdParty\glm\glm\gtx</Filter>
    </None>
    <None Include="ThirdParty\glm\gtx\projection.inl">
      <Filter>ThirdParty\glm\glm\gtx</Filter>
    </None>
    <None Include="ThirdParty\glm\gtx\quaternion.inl">
      <Filter>ThirdParty\glm\glm\gtx</Filter>
    </None>
    <None Include="ThirdParty\glm\gtx\raw_data.inl">
      <Filter>ThirdParty\glm\glm\gtx</Filter>
    </None>
    <None Include="ThirdParty\glm\gtx\rotate_normalized_axis.inl">
      <Filter>ThirdParty\glm\glm\gtx</Filter>
    </None>
    <None Include="ThirdParty\glm\gtx\rotate_vector.inl">
      <Filter>ThirdParty\glm\glm\gtx</Filter>
    </None>
    <None Include="ThirdParty\glm\gtx\scalar_relational.inl">
      <Filter>ThirdParty\glm\glm\gtx</Filter>
    </None>
    <None Include="ThirdParty\glm\gtx\spline.inl">
      <Filter>ThirdParty\glm\glm\gtx</Filter>
    </None>
    <None Include="ThirdParty\glm\gtx\std_based_type.inl">
      <Filter>ThirdParty\glm\glm\gtx</Filter>
    </None>
    <None Include="ThirdParty\glm\gtx\string_cast.inl">
      <Filter>ThirdParty\glm\glm\gtx</Filter>
    </None>
    <None Include="ThirdParty\glm\gtx\texture.inl">
      <Filter>ThirdParty\glm\glm\gtx</Filter>
    </None>
    <None Include="ThirdParty\glm\gtx\transform.inl">
      <Filter>ThirdParty\glm\glm\gtx</Filter>
    </None>
    <None Include="ThirdParty\glm\gtx\transform2.inl">
      <Filter>ThirdParty\glm\glm\gtx</Filter>
    </None>
    <None Include="ThirdParty\glm\gtx\type_aligned.inl">
      <Filter>ThirdParty\glm\glm\gtx</Filter>
    </None>
    <None Include="ThirdParty\glm\gtx\type_trait.inl">
      <Filter>ThirdParty\glm\glm\gtx</Filter>
    </None>
    <None Include="ThirdParty\glm\gtx\vector_angle.inl">
      <Filter>ThirdParty\glm\glm\gtx</Filter>
    </None>
    <None Include="ThirdParty\glm\gtx\vector_query.inl">
      <Filter>ThirdParty\glm\glm\gtx</Filter>
    </None>
    <None Include="ThirdParty\glm\gtx\wrap.inl">
      <Filter>ThirdParty\glm\glm\gtx</Filter>
    </None>
    <None Include="ThirdParty\glm\readme.md">
      <Filter>ThirdParty\glm</Filter>
    </None>
    <None Include="ThirdParty\str_view-master\LICENSE">
      <Filter>ThirdParty\str_view</Filter>
    </None>
    <None Include="ThirdParty\str_view-master\README.md">
      <Filter>ThirdParty\str_view</Filter>
    </None>
    <None Include="..\AssetData\Shaders\Basic.vert">
      <Filter>Resource Files\Shaders</Filter>
    </None>
  </ItemGroup>
  <ItemGroup>
    <Library Include="glfw3dll.lib">
      <Filter>ThirdParty\glfw</Filter>
    </Library>
  </ItemGroup>
  <ItemGroup>
    <Text Include="Notes\NotesOnMSVC.txt">
      <Filter>Notes</Filter>
    </Text>
    <Text Include="MovingTo64Bit.txt">
      <Filter>Notes</Filter>
    </Text>
    <Text Include="IntermediateHeadersImplementation_readme.txt">
      <Filter>Header Files\IntermediateHeaders_DoNotIncludeTheseDirectly</Filter>
    </Text>
    <Text Include="SafeConstructableExample.txt">
      <Filter>Notes</Filter>
    </Text>
    <Text Include="GLSL_References.txt">
      <Filter>Resource Files\Shaders</Filter>
    </Text>
    <Text Include="Random Tidbits and ideas .txt">
      <Filter>Notes</Filter>
    </Text>
  </ItemGroup>
</Project>