<?xml version="1.0" encoding="utf-8"?>
<Project ToolsVersion="4.0" xmlns="http://schemas.microsoft.com/developer/msbuild/2003">
  <ItemGroup>
    <Filter Include="Source Files">
      <UniqueIdentifier>{4FC737F1-C7A5-4376-A066-2A32D752A2FF}</UniqueIdentifier>
      <Extensions>cpp;c;cc;cxx;def;odl;idl;hpj;bat;asm;asmx</Extensions>
    </Filter>
    <Filter Include="Header Files">
      <UniqueIdentifier>{93995380-89BD-4b04-88EB-625FBE52EBFB}</UniqueIdentifier>
      <Extensions>h;hh;hpp;hxx;hm;inl;inc;ipp;xsd</Extensions>
    </Filter>
    <Filter Include="ThirdParty">
      <UniqueIdentifier>{947e5c71-10cc-4d90-b687-4749a8d92860}</UniqueIdentifier>
    </Filter>
    <Filter Include="ThirdParty\easylogging++">
      <UniqueIdentifier>{8055b678-1fd7-4fa3-8d4a-a86892bbe60b}</UniqueIdentifier>
    </Filter>
    <Filter Include="ThirdParty\glad">
      <UniqueIdentifier>{85c3f23a-429e-451e-9d19-69ce3e8501d8}</UniqueIdentifier>
    </Filter>
    <Filter Include="ThirdParty\glad\debug">
      <UniqueIdentifier>{e258d398-f08c-45b8-ade6-376baae69f5a}</UniqueIdentifier>
    </Filter>
    <Filter Include="ThirdParty\glad\KHR">
      <UniqueIdentifier>{7b39a6e0-4244-4d38-9cea-61f3700bcf4d}</UniqueIdentifier>
    </Filter>
    <Filter Include="ThirdParty\glad\release">
      <UniqueIdentifier>{3300dc7d-7272-4732-8faa-198b4d5438f8}</UniqueIdentifier>
    </Filter>
    <Filter Include="ThirdParty\glfw">
      <UniqueIdentifier>{7cf2abe4-fa2a-40b7-bbd4-edde694d094c}</UniqueIdentifier>
    </Filter>
    <Filter Include="ThirdParty\glfw\include">
      <UniqueIdentifier>{e7818402-4794-4b01-bb7b-edd694fe5a30}</UniqueIdentifier>
    </Filter>
    <Filter Include="Notes">
      <UniqueIdentifier>{d5621fad-0f4f-473c-9b10-2c523b17f9e1}</UniqueIdentifier>
    </Filter>
    <Filter Include="Source Files\Engine">
      <UniqueIdentifier>{c3961245-a422-4a22-b27a-ea2f150e3f56}</UniqueIdentifier>
    </Filter>
    <Filter Include="Header Files\Common">
      <UniqueIdentifier>{800e60c4-aca0-494c-9941-b5062a7522e1}</UniqueIdentifier>
    </Filter>
    <Filter Include="Source Files\Engine\CallbackFunctions">
      <UniqueIdentifier>{f1c5edef-8ff1-4497-9b8c-f9af9e1981bd}</UniqueIdentifier>
    </Filter>
    <Filter Include="Source Files\Engine\CallbackFunctions\ErrorCallback">
      <UniqueIdentifier>{6674a74a-3864-4dc4-81ea-da281ea9c265}</UniqueIdentifier>
    </Filter>
    <Filter Include="Source Files\Engine\CallbackFunctions\MonitorEventCallback">
      <UniqueIdentifier>{8a9adf10-95b3-4d25-91b2-35d61f61d280}</UniqueIdentifier>
    </Filter>
    <Filter Include="Header Files\ConfigurationAndSetup">
      <UniqueIdentifier>{b2fb5c0e-017c-4ff2-9cab-46fb7c665d3d}</UniqueIdentifier>
    </Filter>
    <Filter Include="Header Files\IntermediateHeaders_DoNotIncludeTheseDirectly">
      <UniqueIdentifier>{4bc84b2a-0021-49b1-a509-18a6097aded8}</UniqueIdentifier>
    </Filter>
    <Filter Include="Header Files\IntermediateHeaders_DoNotIncludeTheseDirectly\LibraryIncludeWrappers_DoNotIncludeTheseDirectly">
      <UniqueIdentifier>{eb442a31-e3f1-431d-9ebe-39d62cc78229}</UniqueIdentifier>
    </Filter>
    <Filter Include="Source Files\Utility">
      <UniqueIdentifier>{14cbad73-a6a3-42dc-943b-1c6f691322cf}</UniqueIdentifier>
    </Filter>
    <Filter Include="Source Files\Utility\Filepath">
      <UniqueIdentifier>{a5aab355-8a84-4eff-a482-bbe5b23db19e}</UniqueIdentifier>
    </Filter>
    <Filter Include="Source Files\Utility\Debug">
      <UniqueIdentifier>{a42c617f-be2c-4be8-a81a-1af3ba9236f7}</UniqueIdentifier>
    </Filter>
    <Filter Include="Resource Files">
      <UniqueIdentifier>{67DA6AB6-F800-4c08-8B7A-83BB121AAD01}</UniqueIdentifier>
      <Extensions>rc;ico;cur;bmp;dlg;rc2;rct;bin;rgs;gif;jpg;jpeg;jpe;resx;tiff;tif;png;wav;mfcribbon-ms</Extensions>
    </Filter>
    <Filter Include="Source Files\Engine\Initialization">
      <UniqueIdentifier>{339b20fa-2f8b-4ebb-8d3c-8f365a313220}</UniqueIdentifier>
    </Filter>
  </ItemGroup>
  <ItemGroup>
    <ClInclude Include="Application.h">
      <Filter>Source Files</Filter>
    </ClInclude>
    <ClInclude Include="ThirdParty\glad\KHR\khrplatform.h">
      <Filter>ThirdParty\glad\KHR</Filter>
    </ClInclude>
    <ClInclude Include="ThirdParty\glad\release\glad.h">
      <Filter>ThirdParty\glad\release</Filter>
    </ClInclude>
    <ClInclude Include="ThirdParty\GLFW\glfw3.h">
      <Filter>ThirdParty\glfw\include</Filter>
    </ClInclude>
    <ClInclude Include="UniversalIncludes.h">
      <Filter>Header Files\Common</Filter>
    </ClInclude>
    <ClInclude Include="GLIncludes.h">
      <Filter>Header Files\Common</Filter>
    </ClInclude>
    <ClInclude Include="FilepathWrapper.h">
      <Filter>Source Files\Utility\Filepath</Filter>
    </ClInclude>
    <ClInclude Include="JoystickStatePrinter.h">
      <Filter>Source Files\Utility\Debug</Filter>
    </ClInclude>
    <ClInclude Include="FSMCallbackInitializer.h">
      <Filter>Source Files\Engine\CallbackFunctions</Filter>
    </ClInclude>
    <ClInclude Include="FSMMonitorEventCallback.h">
      <Filter>Source Files\Engine\CallbackFunctions\MonitorEventCallback</Filter>
    </ClInclude>
    <ClInclude Include="ThirdParty\easyloggingpp\include\easylogging++.h">
      <Filter>ThirdParty\easylogging++</Filter>
    </ClInclude>
    <ClInclude Include="ThirdParty\glad\debug\glad_debug.h">
      <Filter>ThirdParty\glad\debug</Filter>
    </ClInclude>
    <ClInclude Include="ThirdParty\ThirdParty_IncludeWrappers\elcc_includer.h">
      <Filter>Header Files\IntermediateHeaders_DoNotIncludeTheseDirectly\LibraryIncludeWrappers_DoNotIncludeTheseDirectly</Filter>
    </ClInclude>
    <ClInclude Include="ThirdParty\ThirdParty_IncludeWrappers\glad_includer.h">
      <Filter>Header Files\IntermediateHeaders_DoNotIncludeTheseDirectly\LibraryIncludeWrappers_DoNotIncludeTheseDirectly</Filter>
    </ClInclude>
    <ClInclude Include="ThirdParty\ThirdParty_IncludeWrappers\glfw_includer.h">
      <Filter>Header Files\IntermediateHeaders_DoNotIncludeTheseDirectly\LibraryIncludeWrappers_DoNotIncludeTheseDirectly</Filter>
    </ClInclude>
    <ClInclude Include="ThirdParty\ThirdParty_IncludeWrappers\glm_includer.h">
      <Filter>Header Files\IntermediateHeaders_DoNotIncludeTheseDirectly\LibraryIncludeWrappers_DoNotIncludeTheseDirectly</Filter>
    </ClInclude>
    <ClInclude Include="BuildSettings.h">
      <Filter>Header Files\ConfigurationAndSetup</Filter>
    </ClInclude>
    <ClInclude Include="EasyLogConfiguration.h">
      <Filter>Source Files\Engine\Initialization</Filter>
    </ClInclude>
    <ClInclude Include="EasyLogging_BuildConfig.h">
      <Filter>ThirdParty\easylogging++</Filter>
    </ClInclude>
    <ClInclude Include="FSMErrorCallback.h">
      <Filter>Source Files\Engine\CallbackFunctions\ErrorCallback</Filter>
    </ClInclude>
  </ItemGroup>
  <ItemGroup>
    <ClCompile Include="Application.cpp">
      <Filter>Source Files</Filter>
    </ClCompile>
    <ClCompile Include="main.cpp">
      <Filter>Source Files</Filter>
    </ClCompile>
    <ClCompile Include="ThirdParty\easyloggingpp\include\easylogging++.cc">
      <Filter>ThirdParty\easylogging++</Filter>
    </ClCompile>
    <ClCompile Include="ThirdParty\glad\release\glad.c">
      <Filter>ThirdParty\glad\release</Filter>
    </ClCompile>
    <ClCompile Include="FilepathWrapper.cpp">
      <Filter>Source Files\Utility\Filepath</Filter>
    </ClCompile>
    <ClCompile Include="JoystickStatePrinter.cpp">
      <Filter>Source Files\Utility\Debug</Filter>
    </ClCompile>
    <ClCompile Include="FSMCallbackInitializer.cpp">
      <Filter>Source Files\Engine\CallbackFunctions</Filter>
    </ClCompile>
    <ClCompile Include="FSMMonitorEventCallback.cpp">
      <Filter>Source Files\Engine\CallbackFunctions\MonitorEventCallback</Filter>
    </ClCompile>
    <ClCompile Include="ThirdParty\glad\debug\glad_debug.c">
      <Filter>ThirdParty\glad\debug</Filter>
    </ClCompile>
  </ItemGroup>
  <ItemGroup>
    <None Include="glfw3.dll">
      <Filter>ThirdParty\glfw</Filter>
    </None>
    <None Include="glfw3.ilk">
      <Filter>ThirdParty\glfw</Filter>
    </None>
    <None Include="glfw3.pdb">
      <Filter>ThirdParty\glfw</Filter>
    </None>
    <None Include="glfw3dll.exp">
      <Filter>ThirdParty\glfw</Filter>
    </None>
    <None Include="Notes\WINDOWS2000_tips_windows_graphics_programming_win32_gdi_and_directd.pdf">
      <Filter>Notes</Filter>
    </None>
  </ItemGroup>
  <ItemGroup>
    <Library Include="glfw3dll.lib">
      <Filter>ThirdParty\glfw</Filter>
    </Library>
  </ItemGroup>
  <ItemGroup>
    <Text Include="Notes\NotesOnMSVC.txt">
      <Filter>Notes</Filter>
    </Text>
    <Text Include="MovingTo64Bit.txt">
      <Filter>Notes</Filter>
    </Text>
    <Text Include="IntermediateHeadersImplementation_readme.txt">
      <Filter>Header Files\IntermediateHeaders_DoNotIncludeTheseDirectly</Filter>
    </Text>
    <Text Include="SafeConstructableExample.txt">
      <Filter>Notes</Filter>
    </Text>
  </ItemGroup>
</Project>